
Microsoft Visual Studio Solution File, Format Version 12.00
# Visual Studio Version 16
VisualStudioVersion = 16.0.30804.86
MinimumVisualStudioVersion = 10.0.40219.1
Project("{FAE04EC0-301F-11D3-BF4B-00C04F79EFBC}") = "SDL_csharp", "SDL_csharp\SDL_csharp.csproj", "{B49918B6-407A-4A6C-B4B8-129C61161F7E}"
EndProject
Global
	GlobalSection(SolutionConfigurationPlatforms) = preSolution
		Debug|Any CPU = Debug|Any CPU
		Release|Any CPU = Release|Any CPU
	EndGlobalSection
	GlobalSection(ProjectConfigurationPlatforms) = postSolution
		{B49918B6-407A-4A6C-B4B8-129C61161F7E}.Debug|Any CPU.ActiveCfg = Debug|Any CPU
		{B49918B6-407A-4A6C-B4B8-129C61161F7E}.Debug|Any CPU.Build.0 = Debug|Any CPU
		{B49918B6-407A-4A6C-B4B8-129C61161F7E}.Release|Any CPU.ActiveCfg = Release|Any CPU
		{B49918B6-407A-4A6C-B4B8-129C61161F7E}.Release|Any CPU.Build.0 = Release|Any CPU
	EndGlobalSection
	GlobalSection(SolutionProperties) = preSolution
		HideSolutionNode = FALSE
	EndGlobalSection
	GlobalSection(ExtensibilityGlobals) = postSolution
		SolutionGuid = {79985B28-FD1C-4654-BCAC-EDF568C5CDEA}
	EndGlobalSection
EndGlobal
